<Solution>
  <Project Path="src/QuotaSight.Core/QuotaSight.Core.csproj" />
  <Project Path="src/QuotaSight.Application/QuotaSight.Application.csproj" />
  <Project Path="src/QuotaSight.Infrastructure/QuotaSight.Infrastructure.csproj" />
  <Project Path="src/QuotaSight.UI/QuotaSight.UI.csproj" />
  <Project Path="tests/QuotaSight.Tests/QuotaSight.Tests.csproj" />
  <Project Path="tests/QuotaSight.UI.Tests/QuotaSight.UI.Tests.csproj" />
</Solution>
